
Microsoft Visual Studio Solution File, Format Version 12.00
# Visual Studio 15
VisualStudioVersion = 15.0.27703.2047
MinimumVisualStudioVersion = 10.0.40219.1
Project("{FAE04EC0-301F-11D3-BF4B-00C04F79EFBC}") = "Math Quiz", "Math Quiz\Math Quiz.csproj", "{AEB93C18-84DA-4337-A30B-D31BBA224349}"
EndProject
Global
	GlobalSection(SolutionConfigurationPlatforms) = preSolution
		Debug|Any CPU = Debug|Any CPU
		Release|Any CPU = Release|Any CPU
	EndGlobalSection
	GlobalSection(ProjectConfigurationPlatforms) = postSolution
		{AEB93C18-84DA-4337-A30B-D31BBA224349}.Debug|Any CPU.ActiveCfg = Debug|Any CPU
		{AEB93C18-84DA-4337-A30B-D31BBA224349}.Debug|Any CPU.Build.0 = Debug|Any CPU
		{AEB93C18-84DA-4337-A30B-D31BBA224349}.Release|Any CPU.ActiveCfg = Release|Any CPU
		{AEB93C18-84DA-4337-A30B-D31BBA224349}.Release|Any CPU.Build.0 = Release|Any CPU
	EndGlobalSection
	GlobalSection(SolutionProperties) = preSolution
		HideSolutionNode = FALSE
	EndGlobalSection
	GlobalSection(ExtensibilityGlobals) = postSolution
		SolutionGuid = {14A0500A-2A77-48C5-A388-2141C3389B2F}
	EndGlobalSection
EndGlobal
